filippo.io/mldsa v0.0.0-20260215214346-43d0283efc3e h1:VsUbObBMxXlc23Eb9VeeJYE4jvTs87qa5RqSN2U5FJU=
filippo.io/mldsa v0.0.0-20260215214346-43d0283efc3e/go.mod h1:32qQ5yj3R24Eu03iWFWchdC3OB653wPvoepWejkefbY=
github.com/WJQSERVER-STUDIO/go-utils/iox v0.0.2 h1:AiIHXP21LpK7pFfqUlUstgQEWzjbekZgxOuvVwiMfyM=
github.com/WJQSERVER-STUDIO/go-utils/iox v0.0.2/go.mod h1:mCLqYU32bTmEE6dpj37MKKiZgz70Jh/xyK9vVbq6pok=
github.com/WJQSERVER-STUDIO/httpc v0.9.0 h1:MpXcQQqukrSLHH/2tTfnXrhqD6nEDHB/gbzehXaS8o4=
github.com/WJQSERVER-STUDIO/httpc v0.9.0/go.mod h1:filzryrl4eAtFVyl4oVHcJqx1SpNFbrCn+ddQPLlCSg=
github.com/WJQSERVER/wanf v0.0.8 h1:1Ri9d7nKhu22hGxP8O9B9rXnYym6DYGKgi6WRVx3VF8=
github.com/WJQSERVER/wanf v0.0.8/go.mod h1:R0Zw/1skEMVlQ9m5atbkmanlW+9h2bkdq7+wbPY+F/8=
github.com/appleboy/gofight/v2 v2.2.1 h1:OOJrZ71tdOFDzyyBvP+h047w0EJHktqTo4mEOTDrKy0=
github.com/appleboy/gofight/v2 v2.2.1/go.mod h1:dOz1A3YtfciapH897IQOAR6JfTFm0nwJctaDuJZiijY=
github.com/davecgh/go-spew v1.1.1 h1:vj9j/u1bqnvCEfJOwUhtlOARqs3+rkHYY13jYWTU97c=
github.com/davecgh/go-spew v1.1.1/go.mod h1:J7Y8YcW2NihsgmVo/mv3lAwl/skON4iLHjSsI+c5H38=
github.com/fenthope/reco v0.0.5 h1:Z/bOunFf4LSgYP/IxG9fe2pTrIq7bPsDflflbNR5Agw=
github.com/fenthope/reco v0.0.5/go.mod h1:nd5gMkuJHN2+2Iwwt3xy+HSqRaROauIjHNkmQWRsHyM=
github.com/go-json-experiment/json v0.0.0-20260214004413-d219187c3433 h1:vymEbVwYFP/L05h5TKQxvkXoKxNvTpjxYKdF1Nlwuao=
github.com/go-json-experiment/json v0.0.0-20260214004413-d219187c3433/go.mod h1:tphK2c80bpPhMOI4v6bIc2xWywPfbqi1Z06+RcrMkDg=
github.com/golang-jwt/jwt/v5 v5.3.1 h1:kYf81DTWFe7t+1VvL7eS+jKFVWaUnK9cB1qbwn63YCY=
github.com/golang-jwt/jwt/v5 v5.3.1/go.mod h1:fxCRLWMO43lRc8nhHWY6LGqRcf+1gQWArsqaEUEa5bE=
github.com/infinite-iroha/touka v0.5.1-0.20260409232140-271e54eb4d44 h1:VcFNhePZe8qhc9M3Qd0HzV6LjU3QCXxWjQokgFlp3TU=
github.com/infinite-iroha/touka v0.5.1-0.20260409232140-271e54eb4d44/go.mod h1:6s1oUso8IQp9MbJ+hDvxx8AodbOF7YMel2DnW/x0qrg=
github.com/pmezard/go-difflib v1.0.0 h1:4DBwDE0NGyQoBHbLQYPwSUPoCMWR5BEzIk/f1lZbAQM=
github.com/pmezard/go-difflib v1.0.0/go.mod h1:iKH77koFhYxTK1pcRnkKkqfTogsbg7gZNVY4sRDYZ/4=
github.com/stretchr/testify v1.11.1 h1:7s2iGBzp5EwR7/aIZr8ao5+dra3wiQyKjjFuvgVKu7U=
github.com/stretchr/testify v1.11.1/go.mod h1:wZwfW3scLgRK+23gO65QZefKpKQRnfz6sD981Nm4B6U=
github.com/tidwall/gjson v1.18.0 h1:FIDeeyB800efLX89e5a8Y0BNH+LOngJyGrIWxG2FKQY=
github.com/tidwall/gjson v1.18.0/go.mod h1:/wbyibRr2FHMks5tjHJ5F8dMZh3AcwJEMf5vlfC0lxk=
github.com/tidwall/match v1.1.1 h1:+Ho715JplO36QYgwN9PGYNhgZvoUSc9X2c80KVTi+GA=
github.com/tidwall/match v1.1.1/go.mod h1:eRSPERbgtNPcGhD8UCthc6PmLEQXEWd3PRB5JTxsfmM=
github.com/tidwall/pretty v1.2.0 h1:RWIZEg2iJ8/g6fDDYzMpobmaoGh5OLl4AXtGUGPcqCs=
github.com/tidwall/pretty v1.2.0/go.mod h1:ITEVvHYasfjBbM0u2Pg8T2nJnzm8xPwvNhhsoaGGjNU=
github.com/valyala/bytebufferpool v1.0.0 h1:GqA5TC/0021Y/b9FG4Oi9Mr3q7XYx6KllzawFIhcdPw=
github.com/valyala/bytebufferpool v1.0.0/go.mod h1:6bBcMArwyJ5K/AmCkWv1jt77kVWyCJ6HpOuEn7z0Csc=
golang.org/x/net v0.52.0 h1:He/TN1l0e4mmR3QqHMT2Xab3Aj3L9qjbhRm78/6jrW0=
golang.org/x/net v0.52.0/go.mod h1:R1MAz7uMZxVMualyPXb+VaqGSa3LIaUqk0eEt3w36Sw=
golang.org/x/text v0.35.0 h1:JOVx6vVDFokkpaq1AEptVzLTpDe9KGpj5tR4/X+ybL8=
golang.org/x/text v0.35.0/go.mod h1:khi/HExzZJ2pGnjenulevKNX1W67CUy0AsXcNubPGCA=
gopkg.in/yaml.v3 v3.0.1 h1:fxVm/GzAzEWqLHuvctI91KS9hhNmmWOoWu0XTYJS7CA=
gopkg.in/yaml.v3 v3.0.1/go.mod h1:K4uyk7z7BCEPqu6E+C64Yfv1cQ7kz7rIZviUmN+EgEM=
